
Microsoft Visual Studio Solution File, Format Version 12.00
# Visual Studio Version 16
VisualStudioVersion = 16.0.30907.101
MinimumVisualStudioVersion = 10.0.40219.1
Project("{9A19103F-16F7-4668-BE54-9A1E7A4F7556}") = "InnovatorProject", "InnovatorProject\InnovatorProject.csproj", "{29C77DCA-1228-4581-9943-0166D9BCAC9A}"
EndProject
Project("{9A19103F-16F7-4668-BE54-9A1E7A4F7556}") = "InnovatorProject.Tests.Unit", "InnovatorProject.Tests.Unit\InnovatorProject.Tests.Unit.csproj", "{6CD82C23-7966-46E3-BE18-00992FE5DB34}"
EndProject
Global
	GlobalSection(SolutionConfigurationPlatforms) = preSolution
		Debug|Any CPU = Debug|Any CPU
		Release|Any CPU = Release|Any CPU
	EndGlobalSection
	GlobalSection(ProjectConfigurationPlatforms) = postSolution
		{29C77DCA-1228-4581-9943-0166D9BCAC9A}.Debug|Any CPU.ActiveCfg = Debug|Any CPU
		{29C77DCA-1228-4581-9943-0166D9BCAC9A}.Debug|Any CPU.Build.0 = Debug|Any CPU
		{29C77DCA-1228-4581-9943-0166D9BCAC9A}.Release|Any CPU.ActiveCfg = Release|Any CPU
		{29C77DCA-1228-4581-9943-0166D9BCAC9A}.Release|Any CPU.Build.0 = Release|Any CPU
		{6CD82C23-7966-46E3-BE18-00992FE5DB34}.Debug|Any CPU.ActiveCfg = Debug|Any CPU
		{6CD82C23-7966-46E3-BE18-00992FE5DB34}.Debug|Any CPU.Build.0 = Debug|Any CPU
		{6CD82C23-7966-46E3-BE18-00992FE5DB34}.Release|Any CPU.ActiveCfg = Release|Any CPU
		{6CD82C23-7966-46E3-BE18-00992FE5DB34}.Release|Any CPU.Build.0 = Release|Any CPU
	EndGlobalSection
	GlobalSection(SolutionProperties) = preSolution
		HideSolutionNode = FALSE
	EndGlobalSection
	GlobalSection(ExtensibilityGlobals) = postSolution
		SolutionGuid = {E1FE9010-FCED-44A7-ABE9-49C62F0D09DA}
	EndGlobalSection
EndGlobal
